github.com/anaminus/deep v0.0.0-20190609161759-a37cba07138a/go.mod h1:Huz2U5cYiGw7Yk7krg8FWM4MCyeVGuRBghqSh0Rsa7c=
github.com/anaminus/iofl v0.2.1 h1:4TjokdUHPFpYux+ak9V8xlv6f7lMTrq8+vD1cDbPrXc=
github.com/anaminus/iofl v0.2.1/go.mod h1:HkJmhL517z7QMRs7St34AcyEkmk5oPO+CRLqEyIKys4=
github.com/robloxapi/rbxdump v0.2.0 h1:H49SI+a7S884q1xLsltefVkfd1qRTHNYh1jZcJZ4cTU=
github.com/robloxapi/rbxdump v0.2.0/go.mod h1:8imPIe5ZmLAhvmNKLu2E2S0QStvvXtt/0m5pxUGdGM0=
